schema: '2.0'
stages:
  clean_data:
    cmd: python starter/starter/clean_data.py
    deps:
    - path: starter/data/census.csv
      md5: 145de00f6e6053d3f7044628f9a5b5ff
      size: 3974474
    - path: starter/starter/clean_data.py
      md5: 8a6883c81887809671c9b7a9e14906ba
      size: 1450
    outs:
    - path: starter/data/census_cleaned.csv
      md5: 109c3c826741a590001de91b594b05e3
      size: 3518605
  train_model:
    cmd: python starter/starter/train_model.py
    deps:
    - path: starter/data/census_cleaned.csv
      md5: 109c3c826741a590001de91b594b05e3
      size: 3518605
    - path: starter/starter/ml/data.py
      md5: 6979161b4d3418b42c1e04036651878b
      size: 2544
    - path: starter/starter/ml/model.py
      md5: 50e2150c3f875a233f2ab9f5b1878240
      size: 1975
    - path: starter/starter/train_model.py
      md5: f39f70ba1f677874db148804b9c75b07
      size: 3745
    outs:
    - path: starter/data/census_cleaned_test.csv
      md5: a66e00eb42583b9707e65d53ab45ea04
      size: 704923
    - path: starter/model/census_model_classifier.joblib
      md5: 2b58650d6692001c39b9c0e1a784e6d1
      size: 1639
    - path: starter/model/encoder_census.joblib
      md5: cda18c6561b7ef57f19f48d00d3ff62b
      size: 3898
    - path: starter/model/lb_census.joblib
      md5: 5025695085b01a6b6c57df2159831c2d
      size: 403
  slicing_performence:
    cmd: python starter/starter/slicing_performence.py
    deps:
    - path: starter/data/census_cleaned_test.csv
      md5: a66e00eb42583b9707e65d53ab45ea04
      size: 704923
    - path: starter/model/census_model_classifier.joblib
      md5: 2b58650d6692001c39b9c0e1a784e6d1
      size: 1639
    - path: starter/model/encoder_census.joblib
      md5: cda18c6561b7ef57f19f48d00d3ff62b
      size: 3898
    - path: starter/model/lb_census.joblib
      md5: 5025695085b01a6b6c57df2159831c2d
      size: 403
    - path: starter/starter/slicing_performence.py
      md5: d3b4ff72b3bede1ee0fb879c5542ece7
      size: 4381
    outs:
    - path: starter/model/score_full.json
      md5: 3d1c5874032ddae2b29a4459347fc9b0
      size: 110
    - path: starter/model/score_slices.json
      md5: 6ca56c8105b41d0da6815078969e7ded
      size: 18791
